
Microsoft Visual Studio Solution File, Format Version 12.00
# Visual Studio Version 17
VisualStudioVersion = 17.14.36401.2 d17.14
MinimumVisualStudioVersion = 10.0.40219.1
Project("{FAE04EC0-301F-11D3-BF4B-00C04F79EFBC}") = "DatosPersonalesApp", "DatosPersonalesApp\DatosPersonalesApp.csproj", "{8AB56EC7-0A17-48A0-844A-4BA9EBA248A0}"
EndProject
Global
	GlobalSection(SolutionConfigurationPlatforms) = preSolution
		Debug|Any CPU = Debug|Any CPU
		Release|Any CPU = Release|Any CPU
	EndGlobalSection
	GlobalSection(ProjectConfigurationPlatforms) = postSolution
		{8AB56EC7-0A17-48A0-844A-4BA9EBA248A0}.Debug|Any CPU.ActiveCfg = Debug|Any CPU
		{8AB56EC7-0A17-48A0-844A-4BA9EBA248A0}.Debug|Any CPU.Build.0 = Debug|Any CPU
		{8AB56EC7-0A17-48A0-844A-4BA9EBA248A0}.Release|Any CPU.ActiveCfg = Release|Any CPU
		{8AB56EC7-0A17-48A0-844A-4BA9EBA248A0}.Release|Any CPU.Build.0 = Release|Any CPU
	EndGlobalSection
	GlobalSection(SolutionProperties) = preSolution
		HideSolutionNode = FALSE
	EndGlobalSection
	GlobalSection(ExtensibilityGlobals) = postSolution
		SolutionGuid = {68A90C5A-B1AE-476E-AFEF-56731B4947A6}
	EndGlobalSection
EndGlobal
